
Microsoft Visual Studio Solution File, Format Version 12.00
# Visual Studio 15
VisualStudioVersion = 15.0.27004.2002
MinimumVisualStudioVersion = 10.0.40219.1
Project("{FAE04EC0-301F-11D3-BF4B-00C04F79EFBC}") = "hesapMakinesiYapiyorum", "hesapMakinesiYapiyorum\hesapMakinesiYapiyorum.csproj", "{14C979F9-5CD7-44AC-82E4-6D04E35B16EB}"
EndProject
Global
	GlobalSection(SolutionConfigurationPlatforms) = preSolution
		Debug|Any CPU = Debug|Any CPU
		Release|Any CPU = Release|Any CPU
	EndGlobalSection
	GlobalSection(ProjectConfigurationPlatforms) = postSolution
		{14C979F9-5CD7-44AC-82E4-6D04E35B16EB}.Debug|Any CPU.ActiveCfg = Debug|Any CPU
		{14C979F9-5CD7-44AC-82E4-6D04E35B16EB}.Debug|Any CPU.Build.0 = Debug|Any CPU
		{14C979F9-5CD7-44AC-82E4-6D04E35B16EB}.Release|Any CPU.ActiveCfg = Release|Any CPU
		{14C979F9-5CD7-44AC-82E4-6D04E35B16EB}.Release|Any CPU.Build.0 = Release|Any CPU
	EndGlobalSection
	GlobalSection(SolutionProperties) = preSolution
		HideSolutionNode = FALSE
	EndGlobalSection
	GlobalSection(ExtensibilityGlobals) = postSolution
		SolutionGuid = {1A6FCF09-AE09-4EED-96B1-183CE04AEF1C}
	EndGlobalSection
EndGlobal
